Microsoft Visual Studio Solution File, Format Version 12.00
# Visual Studio Version 17
VisualStudioVersion = 17.5.2.0
MinimumVisualStudioVersion = 10.0.40219.1
Project("{FAE04EC0-301F-11D3-BF4B-00C04F79EFBC}") = "LabEncaps", "LabEncaps.csproj", "{EE59D448-7094-AD78-6262-8347FCD60F0C}"
EndProject
Global
	GlobalSection(SolutionConfigurationPlatforms) = preSolution
		Debug|Any CPU = Debug|Any CPU
		Release|Any CPU = Release|Any CPU
	EndGlobalSection
	GlobalSection(ProjectConfigurationPlatforms) = postSolution
		{EE59D448-7094-AD78-6262-8347FCD60F0C}.Debug|Any CPU.ActiveCfg = Debug|Any CPU
		{EE59D448-7094-AD78-6262-8347FCD60F0C}.Debug|Any CPU.Build.0 = Debug|Any CPU
		{EE59D448-7094-AD78-6262-8347FCD60F0C}.Release|Any CPU.ActiveCfg = Release|Any CPU
		{EE59D448-7094-AD78-6262-8347FCD60F0C}.Release|Any CPU.Build.0 = Release|Any CPU
	EndGlobalSection
	GlobalSection(SolutionProperties) = preSolution
		HideSolutionNode = FALSE
	EndGlobalSection
	GlobalSection(ExtensibilityGlobals) = postSolution
		SolutionGuid = {9ADCEB73-F131-41A9-8D93-13CB57420358}
	EndGlobalSection
EndGlobal
